dependencies:
  heartbeat:
    component_hash: 941b9916975dc8afc79f4b9806dc9f233872358ae31badec30f1cdcb05a2e6b2
    dependencies: []
    source:
      git: https://git@github.com/peterhouwen/esp-idf_components.git
      path: components/heartbeat
      type: git
    version: 0bcb130223ad5eba52bec5542a8b510a7a13bba1
  idf:
    source:
      type: idf
    version: 6.0.0
direct_dependencies:
- heartbeat
manifest_hash: 3d38a587ad1c59a3b4b2ba0b5dbcdadce2ae93b166f95f1407ad5ae108faba57
target: esp32
version: 3.0.0
